
Microsoft Visual Studio Solution File, Format Version 12.00
# Visual Studio Version 16
VisualStudioVersion = 16.0.30621.155
MinimumVisualStudioVersion = 10.0.40219.1
Project("{FAE04EC0-301F-11D3-BF4B-00C04F79EFBC}") = "SMS", "SMS.csproj", "{75490CBB-AEC8-479E-9270-74EED2BDC893}"
EndProject
Global
	GlobalSection(SolutionConfigurationPlatforms) = preSolution
		Debug|Any CPU = Debug|Any CPU
		Release|Any CPU = Release|Any CPU
	EndGlobalSection
	GlobalSection(ProjectConfigurationPlatforms) = postSolution
		{75490CBB-AEC8-479E-9270-74EED2BDC893}.Debug|Any CPU.ActiveCfg = Debug|Any CPU
		{75490CBB-AEC8-479E-9270-74EED2BDC893}.Debug|Any CPU.Build.0 = Debug|Any CPU
		{75490CBB-AEC8-479E-9270-74EED2BDC893}.Release|Any CPU.ActiveCfg = Release|Any CPU
		{75490CBB-AEC8-479E-9270-74EED2BDC893}.Release|Any CPU.Build.0 = Release|Any CPU
	EndGlobalSection
	GlobalSection(SolutionProperties) = preSolution
		HideSolutionNode = FALSE
	EndGlobalSection
	GlobalSection(ExtensibilityGlobals) = postSolution
		SolutionGuid = {E8BD031B-5D89-42FC-8FAB-B128C56C713C}
	EndGlobalSection
EndGlobal
